
Microsoft Visual Studio Solution File, Format Version 12.00
# Visual Studio Version 16
VisualStudioVersion = 16.0.810.9
MinimumVisualStudioVersion = 10.0.40219.1
Project("{FAE04EC0-301F-11D3-BF4B-00C04F79EFBC}") = "DiceRoller", "DiceRoller\DiceRoller.csproj", "{7571AE23-C4EF-4D2D-A610-EF5F6AD0953D}"
EndProject
Project("{FAE04EC0-301F-11D3-BF4B-00C04F79EFBC}") = "DiceRollerTests", "DiceRollerTests\DiceRollerTests.csproj", "{D24F307B-E726-4426-AE28-3E70E664C63C}"
EndProject
Global
	GlobalSection(SolutionConfigurationPlatforms) = preSolution
		Debug|Any CPU = Debug|Any CPU
		Release|Any CPU = Release|Any CPU
	EndGlobalSection
	GlobalSection(ProjectConfigurationPlatforms) = postSolution
		{7571AE23-C4EF-4D2D-A610-EF5F6AD0953D}.Debug|Any CPU.ActiveCfg = Debug|Any CPU
		{7571AE23-C4EF-4D2D-A610-EF5F6AD0953D}.Debug|Any CPU.Build.0 = Debug|Any CPU
		{7571AE23-C4EF-4D2D-A610-EF5F6AD0953D}.Release|Any CPU.ActiveCfg = Release|Any CPU
		{7571AE23-C4EF-4D2D-A610-EF5F6AD0953D}.Release|Any CPU.Build.0 = Release|Any CPU
		{D24F307B-E726-4426-AE28-3E70E664C63C}.Debug|Any CPU.ActiveCfg = Debug|Any CPU
		{D24F307B-E726-4426-AE28-3E70E664C63C}.Debug|Any CPU.Build.0 = Debug|Any CPU
		{D24F307B-E726-4426-AE28-3E70E664C63C}.Release|Any CPU.ActiveCfg = Release|Any CPU
		{D24F307B-E726-4426-AE28-3E70E664C63C}.Release|Any CPU.Build.0 = Release|Any CPU
	EndGlobalSection
	GlobalSection(SolutionProperties) = preSolution
		HideSolutionNode = FALSE
	EndGlobalSection
	GlobalSection(ExtensibilityGlobals) = postSolution
		SolutionGuid = {83E56663-B128-4136-B8C6-884CB419D538}
	EndGlobalSection
EndGlobal
